
Microsoft Visual Studio Solution File, Format Version 12.00
Project("{2150E333-8FDC-42A3-9474-1A3956D46DE8}") = "Configurations", "Configurations", "{DF2C45A8-E00B-405B-90C7-0A2C01DC5495}"
	ProjectSection(SolutionItems) = preProject
		docker-compose.yml = docker-compose.yml
		stylecop.json = src\stylecop.json
		Dofus.ruleset = src\Dofus.ruleset
		README.md = README.md
		Dockerfile = src\Dockerfile
		nuget.config = nuget.config
		.dockerignore = .dockerignore
	EndProjectSection
EndProject
Project("{2150E333-8FDC-42A3-9474-1A3956D46DE8}") = "Tests", "Tests", "{0120E9DA-6952-45E6-9F75-B2EC32F7FE2E}"
EndProject
Project("{FAE04EC0-301F-11D3-BF4B-00C04F79EFBC}") = "Dofus.Tools.Api", "src\Dofus.Tools.Api\Dofus.Tools.Api.csproj", "{3A51ADA5-2C5B-4774-8104-094B69B1D5BB}"
EndProject
Project("{FAE04EC0-301F-11D3-BF4B-00C04F79EFBC}") = "Dofus.Tools.Core", "src\Dofus.Tools.Core\Dofus.Tools.Core.csproj", "{D7E8885C-CFA4-4A0D-B74A-DBF715478AF4}"
EndProject
Project("{FAE04EC0-301F-11D3-BF4B-00C04F79EFBC}") = "Dofus.Tools.Infrastructure", "src\Dofus.Tools.Infrastructure\Dofus.Tools.Infrastructure.csproj", "{ED421FA6-46C5-4931-B0A6-03E18D7A129D}"
EndProject
Project("{FAE04EC0-301F-11D3-BF4B-00C04F79EFBC}") = "Dofus.Tools.DbMigration", "src\Dofus.Tools.DbMigration\Dofus.Tools.DbMigration.csproj", "{7ED72E81-DE73-4658-BDA5-48293DA72620}"
EndProject
Global
	GlobalSection(SolutionConfigurationPlatforms) = preSolution
		Debug|Any CPU = Debug|Any CPU
		Release|Any CPU = Release|Any CPU
	EndGlobalSection
	GlobalSection(ProjectConfigurationPlatforms) = postSolution
		{3A51ADA5-2C5B-4774-8104-094B69B1D5BB}.Debug|Any CPU.ActiveCfg = Debug|Any CPU
		{3A51ADA5-2C5B-4774-8104-094B69B1D5BB}.Debug|Any CPU.Build.0 = Debug|Any CPU
		{3A51ADA5-2C5B-4774-8104-094B69B1D5BB}.Release|Any CPU.ActiveCfg = Release|Any CPU
		{3A51ADA5-2C5B-4774-8104-094B69B1D5BB}.Release|Any CPU.Build.0 = Release|Any CPU
		{D7E8885C-CFA4-4A0D-B74A-DBF715478AF4}.Debug|Any CPU.ActiveCfg = Debug|Any CPU
		{D7E8885C-CFA4-4A0D-B74A-DBF715478AF4}.Debug|Any CPU.Build.0 = Debug|Any CPU
		{D7E8885C-CFA4-4A0D-B74A-DBF715478AF4}.Release|Any CPU.ActiveCfg = Release|Any CPU
		{D7E8885C-CFA4-4A0D-B74A-DBF715478AF4}.Release|Any CPU.Build.0 = Release|Any CPU
		{ED421FA6-46C5-4931-B0A6-03E18D7A129D}.Debug|Any CPU.ActiveCfg = Debug|Any CPU
		{ED421FA6-46C5-4931-B0A6-03E18D7A129D}.Debug|Any CPU.Build.0 = Debug|Any CPU
		{ED421FA6-46C5-4931-B0A6-03E18D7A129D}.Release|Any CPU.ActiveCfg = Release|Any CPU
		{ED421FA6-46C5-4931-B0A6-03E18D7A129D}.Release|Any CPU.Build.0 = Release|Any CPU
		{7ED72E81-DE73-4658-BDA5-48293DA72620}.Debug|Any CPU.ActiveCfg = Debug|Any CPU
		{7ED72E81-DE73-4658-BDA5-48293DA72620}.Debug|Any CPU.Build.0 = Debug|Any CPU
		{7ED72E81-DE73-4658-BDA5-48293DA72620}.Release|Any CPU.ActiveCfg = Release|Any CPU
		{7ED72E81-DE73-4658-BDA5-48293DA72620}.Release|Any CPU.Build.0 = Release|Any CPU
	EndGlobalSection
EndGlobal
